<?xml version="1.0" encoding="utf-8"?>
<Project ToolsVersion="4.0" xmlns="http://schemas.microsoft.com/developer/msbuild/2003">
  <ItemGroup>
    <Filter Include="Source Files">
      <UniqueIdentifier>{4FC737F1-C7A5-4376-A066-2A32D752A2FF}</UniqueIdentifier>
      <Extensions>cpp;c;cc;cxx;def;odl;idl;hpj;bat;asm;asmx</Extensions>
    </Filter>
    <Filter Include="Header Files">
      <UniqueIdentifier>{93995380-89BD-4b04-88EB-625FBE52EBFB}</UniqueIdentifier>
      <Extensions>h;hh;hpp;hxx;hm;inl;inc;xsd</Extensions>
    </Filter>
  </ItemGroup>
  <ItemGroup>
    <ClCompile Include="EntryPoint.cpp">
      <Filter>Source Files</Filter>
    </ClCompile>
  </ItemGroup>
  <ItemGroup>
    <ClInclude Include="FrameQueue.h">
      <Filter>Source Files</Filter>
    </ClInclude>
    <ClInclude Include="VideoDecoder.h">
      <Filter>Source Files</Filter>
    </ClInclude>
    <ClInclude Include="nvcuvid.h">
      <Filter>Header Files</Filter>
    </ClInclude>
    <ClInclude Include="cuviddec.h">
      <Filter>Header Files</Filter>
    </ClInclude>
    <ClInclude Include="VideoSource.h">
      <Filter>Source Files</Filter>
    </ClInclude>
    <ClInclude Include="VideoBuffer.h">
      <Filter>Source Files</Filter>
    </ClInclude>
    <ClInclude Include="VideoIndex.h">
      <Filter>Source Files</Filter>
    </ClInclude>
    <ClInclude Include="VideoFrame.h">
      <Filter>Source Files</Filter>
    </ClInclude>
    <ClInclude Include="Audio.h">
      <Filter>Source Files</Filter>
    </ClInclude>
    <ClInclude Include="Lenovo.h">
      <Filter>Source Files</Filter>
    </ClInclude>
    <ClInclude Include="VideoWindow.h">
      <Filter>Source Files</Filter>
    </ClInclude>
    <ClInclude Include="VideoConverter.h">
      <Filter>Source Files</Filter>
    </ClInclude>
    <ClInclude Include="Helper.h">
      <Filter>Source Files</Filter>
    </ClInclude>
    <ClInclude Include="VideoPlayer.h">
      <Filter>Source Files</Filter>
    </ClInclude>
    <ClInclude Include="VideoSource0.h">
      <Filter>Source Files</Filter>
    </ClInclude>
    <ClInclude Include="H264Parser.h">
      <Filter>Source Files</Filter>
    </ClInclude>
    <ClInclude Include="SDCardReader.h">
      <Filter>Source Files</Filter>
    </ClInclude>
    <ClInclude Include="AudioDecoder.h">
      <Filter>Source Files</Filter>
    </ClInclude>
    <ClInclude Include="Sync.h">
      <Filter>Source Files</Filter>
    </ClInclude>
    <ClInclude Include="VideoFileWriter.h">
      <Filter>Source Files</Filter>
    </ClInclude>
    <ClInclude Include="VideoSource1.h">
      <Filter>Source Files</Filter>
    </ClInclude>
  </ItemGroup>
  <ItemGroup>
    <None Include="ColourConversion.cu">
      <Filter>Source Files</Filter>
    </None>
  </ItemGroup>
</Project>